
Microsoft Visual Studio Solution File, Format Version 12.00
# Visual Studio 2013
VisualStudioVersion = 12.0.31101.0
MinimumVisualStudioVersion = 10.0.40219.1
Project("{FAE04EC0-301F-11D3-BF4B-00C04F79EFBC}") = "MultipleInterfaces", "MultipleInterfaces\MultipleInterfaces.csproj", "{3E64E7FA-ABBF-49F6-83E7-1BCD9E0AF299}"
EndProject
Project("{FAE04EC0-301F-11D3-BF4B-00C04F79EFBC}") = "CalculateHost", "CalculateHost\CalculateHost.csproj", "{BADECA1A-8723-4C1D-A0BB-9AC0504B0C3D}"
EndProject
Global
	GlobalSection(TeamFoundationVersionControl) = preSolution
		SccNumberOfProjects = 3
		SccEnterpriseProvider = {4CA58AB2-18FA-4F8D-95D4-32DDF27D184C}
		SccTeamFoundationServer = https://kumarnitesh.visualstudio.com/defaultcollection
		SccLocalPath0 = .
		SccProjectUniqueName1 = MultipleInterfaces\\MultipleInterfaces.csproj
		SccProjectName1 = MultipleInterfaces
		SccLocalPath1 = MultipleInterfaces
		SccProjectUniqueName2 = CalculateHost\\CalculateHost.csproj
		SccProjectName2 = CalculateHost
		SccLocalPath2 = CalculateHost
	EndGlobalSection
	GlobalSection(SolutionConfigurationPlatforms) = preSolution
		Debug|Any CPU = Debug|Any CPU
		Release|Any CPU = Release|Any CPU
	EndGlobalSection
	GlobalSection(ProjectConfigurationPlatforms) = postSolution
		{3E64E7FA-ABBF-49F6-83E7-1BCD9E0AF299}.Debug|Any CPU.ActiveCfg = Debug|Any CPU
		{3E64E7FA-ABBF-49F6-83E7-1BCD9E0AF299}.Debug|Any CPU.Build.0 = Debug|Any CPU
		{3E64E7FA-ABBF-49F6-83E7-1BCD9E0AF299}.Release|Any CPU.ActiveCfg = Release|Any CPU
		{3E64E7FA-ABBF-49F6-83E7-1BCD9E0AF299}.Release|Any CPU.Build.0 = Release|Any CPU
		{BADECA1A-8723-4C1D-A0BB-9AC0504B0C3D}.Debug|Any CPU.ActiveCfg = Debug|Any CPU
		{BADECA1A-8723-4C1D-A0BB-9AC0504B0C3D}.Debug|Any CPU.Build.0 = Debug|Any CPU
		{BADECA1A-8723-4C1D-A0BB-9AC0504B0C3D}.Release|Any CPU.ActiveCfg = Release|Any CPU
		{BADECA1A-8723-4C1D-A0BB-9AC0504B0C3D}.Release|Any CPU.Build.0 = Release|Any CPU
	EndGlobalSection
	GlobalSection(SolutionProperties) = preSolution
		HideSolutionNode = FALSE
	EndGlobalSection
EndGlobal
