
Microsoft Visual Studio Solution File, Format Version 12.00
# Visual Studio 2013
VisualStudioVersion = 12.0.31101.0
MinimumVisualStudioVersion = 10.0.40219.1
Project("{FAE04EC0-301F-11D3-BF4B-00C04F79EFBC}") = "SoapFaults", "SoapFaults.csproj", "{ED8D573E-F27F-4560-B733-2A04EBD68AD7}"
EndProject
Project("{FAE04EC0-301F-11D3-BF4B-00C04F79EFBC}") = "ConsoleHost", "..\ConsoleHost\ConsoleHost.csproj", "{2D847543-71E8-4813-82EF-7592AB541959}"
EndProject
Global
	GlobalSection(TeamFoundationVersionControl) = preSolution
		SccNumberOfProjects = 3
		SccEnterpriseProvider = {4CA58AB2-18FA-4F8D-95D4-32DDF27D184C}
		SccTeamFoundationServer = https://kumarnitesh.visualstudio.com/defaultcollection
		SccLocalPath0 = .
		SccProjectUniqueName1 = ..\\ConsoleHost\\ConsoleHost.csproj
		SccProjectName1 = ../ConsoleHost
		SccLocalPath1 = ..\\ConsoleHost
		SccProjectUniqueName2 = SoapFaults.csproj
		SccLocalPath2 = .
	EndGlobalSection
	GlobalSection(SolutionConfigurationPlatforms) = preSolution
		Debug|Any CPU = Debug|Any CPU
		Release|Any CPU = Release|Any CPU
	EndGlobalSection
	GlobalSection(ProjectConfigurationPlatforms) = postSolution
		{ED8D573E-F27F-4560-B733-2A04EBD68AD7}.Debug|Any CPU.ActiveCfg = Debug|Any CPU
		{ED8D573E-F27F-4560-B733-2A04EBD68AD7}.Debug|Any CPU.Build.0 = Debug|Any CPU
		{ED8D573E-F27F-4560-B733-2A04EBD68AD7}.Release|Any CPU.ActiveCfg = Release|Any CPU
		{ED8D573E-F27F-4560-B733-2A04EBD68AD7}.Release|Any CPU.Build.0 = Release|Any CPU
		{2D847543-71E8-4813-82EF-7592AB541959}.Debug|Any CPU.ActiveCfg = Debug|Any CPU
		{2D847543-71E8-4813-82EF-7592AB541959}.Debug|Any CPU.Build.0 = Debug|Any CPU
		{2D847543-71E8-4813-82EF-7592AB541959}.Release|Any CPU.ActiveCfg = Release|Any CPU
		{2D847543-71E8-4813-82EF-7592AB541959}.Release|Any CPU.Build.0 = Release|Any CPU
	EndGlobalSection
	GlobalSection(SolutionProperties) = preSolution
		HideSolutionNode = FALSE
	EndGlobalSection
EndGlobal
