
Microsoft Visual Studio Solution File, Format Version 12.00
# Visual Studio 2013
VisualStudioVersion = 12.0.31101.0
MinimumVisualStudioVersion = 10.0.40219.1
Project("{FAE04EC0-301F-11D3-BF4B-00C04F79EFBC}") = "WindowsClient", "WindowsClient\WindowsClient.csproj", "{DB654B88-BD4C-4C3B-8BFF-8719F1C58F65}"
EndProject
Global
	GlobalSection(TeamFoundationVersionControl) = preSolution
		SccNumberOfProjects = 2
		SccEnterpriseProvider = {4CA58AB2-18FA-4F8D-95D4-32DDF27D184C}
		SccTeamFoundationServer = https://kumarnitesh.visualstudio.com/defaultcollection
		SccLocalPath0 = .
		SccProjectUniqueName1 = WindowsClient\\WindowsClient.csproj
		SccProjectName1 = WindowsClient
		SccLocalPath1 = WindowsClient
	EndGlobalSection
	GlobalSection(SolutionConfigurationPlatforms) = preSolution
		Debug|Any CPU = Debug|Any CPU
		Release|Any CPU = Release|Any CPU
	EndGlobalSection
	GlobalSection(ProjectConfigurationPlatforms) = postSolution
		{DB654B88-BD4C-4C3B-8BFF-8719F1C58F65}.Debug|Any CPU.ActiveCfg = Debug|Any CPU
		{DB654B88-BD4C-4C3B-8BFF-8719F1C58F65}.Debug|Any CPU.Build.0 = Debug|Any CPU
		{DB654B88-BD4C-4C3B-8BFF-8719F1C58F65}.Release|Any CPU.ActiveCfg = Release|Any CPU
		{DB654B88-BD4C-4C3B-8BFF-8719F1C58F65}.Release|Any CPU.Build.0 = Release|Any CPU
	EndGlobalSection
	GlobalSection(SolutionProperties) = preSolution
		HideSolutionNode = FALSE
	EndGlobalSection
EndGlobal
