
Microsoft Visual Studio Solution File, Format Version 12.00
# Visual Studio 2013
VisualStudioVersion = 12.0.31101.0
MinimumVisualStudioVersion = 10.0.40219.1
Project("{FAE04EC0-301F-11D3-BF4B-00C04F79EFBC}") = "MultipleEndpoints", "MultipleEndpoints\MultipleEndpoints.csproj", "{7BCDA48B-01C2-4E0B-B611-C4731A791762}"
EndProject
Project("{FAE04EC0-301F-11D3-BF4B-00C04F79EFBC}") = "HelloHost", "HelloHost\HelloHost.csproj", "{C0F36538-9D61-4C9B-BEDE-3A46E88A1304}"
EndProject
Global
	GlobalSection(TeamFoundationVersionControl) = preSolution
		SccNumberOfProjects = 3
		SccEnterpriseProvider = {4CA58AB2-18FA-4F8D-95D4-32DDF27D184C}
		SccTeamFoundationServer = https://kumarnitesh.visualstudio.com/defaultcollection
		SccLocalPath0 = .
		SccProjectUniqueName1 = MultipleEndpoints\\MultipleEndpoints.csproj
		SccProjectName1 = MultipleEndpoints
		SccLocalPath1 = MultipleEndpoints
		SccProjectUniqueName2 = HelloHost\\HelloHost.csproj
		SccProjectName2 = HelloHost
		SccLocalPath2 = HelloHost
	EndGlobalSection
	GlobalSection(SolutionConfigurationPlatforms) = preSolution
		Debug|Any CPU = Debug|Any CPU
		Release|Any CPU = Release|Any CPU
	EndGlobalSection
	GlobalSection(ProjectConfigurationPlatforms) = postSolution
		{7BCDA48B-01C2-4E0B-B611-C4731A791762}.Debug|Any CPU.ActiveCfg = Debug|Any CPU
		{7BCDA48B-01C2-4E0B-B611-C4731A791762}.Debug|Any CPU.Build.0 = Debug|Any CPU
		{7BCDA48B-01C2-4E0B-B611-C4731A791762}.Release|Any CPU.ActiveCfg = Release|Any CPU
		{7BCDA48B-01C2-4E0B-B611-C4731A791762}.Release|Any CPU.Build.0 = Release|Any CPU
		{C0F36538-9D61-4C9B-BEDE-3A46E88A1304}.Debug|Any CPU.ActiveCfg = Debug|Any CPU
		{C0F36538-9D61-4C9B-BEDE-3A46E88A1304}.Debug|Any CPU.Build.0 = Debug|Any CPU
		{C0F36538-9D61-4C9B-BEDE-3A46E88A1304}.Release|Any CPU.ActiveCfg = Release|Any CPU
		{C0F36538-9D61-4C9B-BEDE-3A46E88A1304}.Release|Any CPU.Build.0 = Release|Any CPU
	EndGlobalSection
	GlobalSection(SolutionProperties) = preSolution
		HideSolutionNode = FALSE
	EndGlobalSection
EndGlobal
