
Microsoft Visual Studio Solution File, Format Version 12.00
# Visual Studio 2013
VisualStudioVersion = 12.0.31101.0
MinimumVisualStudioVersion = 10.0.40219.1
Project("{FAE04EC0-301F-11D3-BF4B-00C04F79EFBC}") = "ExceptionHandling", "ExceptionHandling.csproj", "{345F68E1-0522-47C3-97A6-66BFFA99D58C}"
EndProject
Project("{FAE04EC0-301F-11D3-BF4B-00C04F79EFBC}") = "Host", "..\Host\Host.csproj", "{1535C4E1-7ED2-4DEC-B67F-3229AE417BD4}"
EndProject
Global
	GlobalSection(TeamFoundationVersionControl) = preSolution
		SccNumberOfProjects = 3
		SccEnterpriseProvider = {4CA58AB2-18FA-4F8D-95D4-32DDF27D184C}
		SccTeamFoundationServer = https://kumarnitesh.visualstudio.com/defaultcollection
		SccLocalPath0 = .
		SccProjectUniqueName1 = ExceptionHandling.csproj
		SccLocalPath1 = .
		SccProjectUniqueName2 = ..\\Host\\Host.csproj
		SccProjectName2 = ../Host
		SccLocalPath2 = ..\\Host
	EndGlobalSection
	GlobalSection(SolutionConfigurationPlatforms) = preSolution
		Debug|Any CPU = Debug|Any CPU
		Release|Any CPU = Release|Any CPU
	EndGlobalSection
	GlobalSection(ProjectConfigurationPlatforms) = postSolution
		{345F68E1-0522-47C3-97A6-66BFFA99D58C}.Debug|Any CPU.ActiveCfg = Debug|Any CPU
		{345F68E1-0522-47C3-97A6-66BFFA99D58C}.Debug|Any CPU.Build.0 = Debug|Any CPU
		{345F68E1-0522-47C3-97A6-66BFFA99D58C}.Release|Any CPU.ActiveCfg = Release|Any CPU
		{345F68E1-0522-47C3-97A6-66BFFA99D58C}.Release|Any CPU.Build.0 = Release|Any CPU
		{1535C4E1-7ED2-4DEC-B67F-3229AE417BD4}.Debug|Any CPU.ActiveCfg = Debug|Any CPU
		{1535C4E1-7ED2-4DEC-B67F-3229AE417BD4}.Debug|Any CPU.Build.0 = Debug|Any CPU
		{1535C4E1-7ED2-4DEC-B67F-3229AE417BD4}.Release|Any CPU.ActiveCfg = Release|Any CPU
		{1535C4E1-7ED2-4DEC-B67F-3229AE417BD4}.Release|Any CPU.Build.0 = Release|Any CPU
	EndGlobalSection
	GlobalSection(SolutionProperties) = preSolution
		HideSolutionNode = FALSE
	EndGlobalSection
EndGlobal
